// !$*UTF8*$!
{
	archiveVersion = 1;
	classes = {
	};
	objectVersion = 46;
	objects = {

/* Begin PBXBuildFile section */
		DA0A190419F2AFF3001D4FF9 /* AppDelegate.swift in Sources */ = {isa = PBXBuildFile; fileRef = DA0A190319F2AFF3001D4FF9 /* AppDelegate.swift */; };
		DA0A190719F2AFF3001D4FF9 /* WorksongsProto.xcdatamodeld in Sources */ = {isa = PBXBuildFile; fileRef = DA0A190519F2AFF3001D4FF9 /* WorksongsProto.xcdatamodeld */; };
		DA0A190919F2AFF3001D4FF9 /* ViewController.swift in Sources */ = {isa = PBXBuildFile; fileRef = DA0A190819F2AFF3001D4FF9 /* ViewController.swift */; };
		DA0A190C19F2AFF3001D4FF9 /* Main.storyboard in Resources */ = {isa = PBXBuildFile; fileRef = DA0A190A19F2AFF3001D4FF9 /* Main.storyboard */; };
		DA0A190E19F2AFF3001D4FF9 /* Images.xcassets in Resources */ = {isa = PBXBuildFile; fileRef = DA0A190D19F2AFF3001D4FF9 /* Images.xcassets */; };
		DA0A191119F2AFF3001D4FF9 /* LaunchScreen.xib in Resources */ = {isa = PBXBuildFile; fileRef = DA0A190F19F2AFF3001D4FF9 /* LaunchScreen.xib */; };
		DA0A191D19F2AFF3001D4FF9 /* WorksongsProtoTests.swift in Sources */ = {isa = PBXBuildFile; fileRef = DA0A191C19F2AFF3001D4FF9 /* WorksongsProtoTests.swift */; };
		DA0A192719F2B457001D4FF9 /* GestureHandler.swift in Sources */ = {isa = PBXBuildFile; fileRef = DA0A192619F2B457001D4FF9 /* GestureHandler.swift */; };
		DA0A192919F2BD16001D4FF9 /* join.mp3 in Resources */ = {isa = PBXBuildFile; fileRef = DA0A192819F2BD15001D4FF9 /* join.mp3 */; };
/* End PBXBuildFile section */

/* Begin PBXContainerItemProxy section */
		DA0A191719F2AFF3001D4FF9 /* PBXContainerItemProxy */ = {
			isa = PBXContainerItemProxy;
			containerPortal = DA0A18F619F2AFF3001D4FF9 /* Project object */;
			proxyType = 1;
			remoteGlobalIDString = DA0A18FD19F2AFF3001D4FF9;
			remoteInfo = WorksongsProto;
		};
/* End PBXContainerItemProxy section */

/* Begin PBXFileReference section */
		DA0A18FE19F2AFF3001D4FF9 /* WorksongsProto.app */ = {isa = PBXFileReference; explicitFileType = wrapper.application; includeInIndex = 0; path = WorksongsProto.app; sourceTree = BUILT_PRODUCTS_DIR; };
		DA0A190219F2AFF3001D4FF9 /* Info.plist */ = {isa = PBXFileReference; lastKnownFileType = text.plist.xml; path = Info.plist; sourceTree = "<group>"; };
		DA0A190319F2AFF3001D4FF9 /* AppDelegate.swift */ = {isa = PBXFileReference; lastKnownFileType = sourcecode.swift; path = AppDelegate.swift; sourceTree = "<group>"; };
		DA0A190619F2AFF3001D4FF9 /* WorksongsProto.xcdatamodel */ = {isa = PBXFileReference; lastKnownFileType = wrapper.xcdatamodel; path = WorksongsProto.xcdatamodel; sourceTree = "<group>"; };
		DA0A190819F2AFF3001D4FF9 /* ViewController.swift */ = {isa = PBXFileReference; lastKnownFileType = sourcecode.swift; path = ViewController.swift; sourceTree = "<group>"; };
		DA0A190B19F2AFF3001D4FF9 /* Base */ = {isa = PBXFileReference; lastKnownFileType = file.storyboard; name = Base; path = Base.lproj/Main.storyboard; sourceTree = "<group>"; };
		DA0A190D19F2AFF3001D4FF9 /* Images.xcassets */ = {isa = PBXFileReference; lastKnownFileType = folder.assetcatalog; path = Images.xcassets; sourceTree = "<group>"; };
		DA0A191019F2AFF3001D4FF9 /* Base */ = {isa = PBXFileReference; lastKnownFileType = file.xib; name = Base; path = Base.lproj/LaunchScreen.xib; sourceTree = "<group>"; };
		DA0A191619F2AFF3001D4FF9 /* WorksongsProtoTests.xctest */ = {isa = PBXFileReference; explicitFileType = wrapper.cfbundle; includeInIndex = 0; path = WorksongsProtoTests.xctest; sourceTree = BUILT_PRODUCTS_DIR; };
		DA0A191B19F2AFF3001D4FF9 /* Info.plist */ = {isa = PBXFileReference; lastKnownFileType = text.plist.xml; path = Info.plist; sourceTree = "<group>"; };
		DA0A191C19F2AFF3001D4FF9 /* WorksongsProtoTests.swift */ = {isa = PBXFileReference; lastKnownFileType = sourcecode.swift; path = WorksongsProtoTests.swift; sourceTree = "<group>"; };
		DA0A192619F2B457001D4FF9 /* GestureHandler.swift */ = {isa = PBXFileReference; fileEncoding = 4; lastKnownFileType = sourcecode.swift; path = GestureHandler.swift; sourceTree = "<group>"; };
		DA0A192819F2BD15001D4FF9 /* join.mp3 */ = {isa = PBXFileReference; lastKnownFileType = audio.mp3; path = join.mp3; sourceTree = "<group>"; };
/* End PBXFileReference section */

/* Begin PBXFrameworksBuildPhase section */
		DA0A18FB19F2AFF3001D4FF9 /* Frameworks */ = {
			isa = PBXFrameworksBuildPhase;
			buildActionMask = 2147483647;
			files = (
			);
			runOnlyForDeploymentPostprocessing = 0;
		};
		DA0A191319F2AFF3001D4FF9 /* Frameworks */ = {
			isa = PBXFrameworksBuildPhase;
			buildActionMask = 2147483647;
			files = (
			);
			runOnlyForDeploymentPostprocessing = 0;
		};
/* End PBXFrameworksBuildPhase section */

/* Begin PBXGroup section */
		DA0A18F519F2AFF3001D4FF9 = {
			isa = PBXGroup;
			children = (
				DA0A190019F2AFF3001D4FF9 /* WorksongsProto */,
				DA0A191919F2AFF3001D4FF9 /* WorksongsProtoTests */,
				DA0A18FF19F2AFF3001D4FF9 /* Products */,
			);
			sourceTree = "<group>";
		};
		DA0A18FF19F2AFF3001D4FF9 /* Products */ = {
			isa = PBXGroup;
			children = (
				DA0A18FE19F2AFF3001D4FF9 /* WorksongsProto.app */,
				DA0A191619F2AFF3001D4FF9 /* WorksongsProtoTests.xctest */,
			);
			name = Products;
			sourceTree = "<group>";
		};
		DA0A190019F2AFF3001D4FF9 /* WorksongsProto */ = {
			isa = PBXGroup;
			children = (
				DA0A192A19F2BD21001D4FF9 /* Audio */,
				DA0A190319F2AFF3001D4FF9 /* AppDelegate.swift */,
				DA0A190819F2AFF3001D4FF9 /* ViewController.swift */,
				DA0A192619F2B457001D4FF9 /* GestureHandler.swift */,
				DA0A190A19F2AFF3001D4FF9 /* Main.storyboard */,
				DA0A190D19F2AFF3001D4FF9 /* Images.xcassets */,
				DA0A190F19F2AFF3001D4FF9 /* LaunchScreen.xib */,
				DA0A190519F2AFF3001D4FF9 /* WorksongsProto.xcdatamodeld */,
				DA0A190119F2AFF3001D4FF9 /* Supporting Files */,
			);
			path = WorksongsProto;
			sourceTree = "<group>";
		};
		DA0A190119F2AFF3001D4FF9 /* Supporting Files */ = {
			isa = PBXGroup;
			children = (
				DA0A190219F2AFF3001D4FF9 /* Info.plist */,
			);
			name = "Supporting Files";
			sourceTree = "<group>";
		};
		DA0A191919F2AFF3001D4FF9 /* WorksongsProtoTests */ = {
			isa = PBXGroup;
			children = (
				DA0A191C19F2AFF3001D4FF9 /* WorksongsProtoTests.swift */,
				DA0A191A19F2AFF3001D4FF9 /* Supporting Files */,
			);
			path = WorksongsProtoTests;
			sourceTree = "<group>";
		};
		DA0A191A19F2AFF3001D4FF9 /* Supporting Files */ = {
			isa = PBXGroup;
			children = (
				DA0A191B19F2AFF3001D4FF9 /* Info.plist */,
			);
			name = "Supporting Files";
			sourceTree = "<group>";
		};
		DA0A192A19F2BD21001D4FF9 /* Audio */ = {
			isa = PBXGroup;
			children = (
				DA0A192819F2BD15001D4FF9 /* join.mp3 */,
			);
			name = Audio;
			sourceTree = "<group>";
		};
/* End PBXGroup section */

/* Begin PBXNativeTarget section */
		DA0A18FD19F2AFF3001D4FF9 /* WorksongsProto */ = {
			isa = PBXNativeTarget;
			buildConfigurationList = DA0A192019F2AFF3001D4FF9 /* Build configuration list for PBXNativeTarget "WorksongsProto" */;
			buildPhases = (
				DA0A18FA19F2AFF3001D4FF9 /* Sources */,
				DA0A18FB19F2AFF3001D4FF9 /* Frameworks */,
				DA0A18FC19F2AFF3001D4FF9 /* Resources */,
			);
			buildRules = (
			);
			dependencies = (
			);
			name = WorksongsProto;
			productName = WorksongsProto;
			productReference = DA0A18FE19F2AFF3001D4FF9 /* WorksongsProto.app */;
			productType = "com.apple.product-type.application";
		};
		DA0A191519F2AFF3001D4FF9 /* WorksongsProtoTests */ = {
			isa = PBXNativeTarget;
			buildConfigurationList = DA0A192319F2AFF3001D4FF9 /* Build configuration list for PBXNativeTarget "WorksongsProtoTests" */;
			buildPhases = (
				DA0A191219F2AFF3001D4FF9 /* Sources */,
				DA0A191319F2AFF3001D4FF9 /* Frameworks */,
				DA0A191419F2AFF3001D4FF9 /* Resources */,
			);
			buildRules = (
			);
			dependencies = (
				DA0A191819F2AFF3001D4FF9 /* PBXTargetDependency */,
			);
			name = WorksongsProtoTests;
			productName = WorksongsProtoTests;
			productReference = DA0A191619F2AFF3001D4FF9 /* WorksongsProtoTests.xctest */;
			productType = "com.apple.product-type.bundle.unit-test";
		};
/* End PBXNativeTarget section */

/* Begin PBXProject section */
		DA0A18F619F2AFF3001D4FF9 /* Project object */ = {
			isa = PBXProject;
			attributes = {
				LastUpgradeCheck = 0600;
				ORGANIZATIONNAME = "Ian Curry";
				TargetAttributes = {
					DA0A18FD19F2AFF3001D4FF9 = {
						CreatedOnToolsVersion = 6.0;
					};
					DA0A191519F2AFF3001D4FF9 = {
						CreatedOnToolsVersion = 6.0;
						TestTargetID = DA0A18FD19F2AFF3001D4FF9;
					};
				};
			};
			buildConfigurationList = DA0A18F919F2AFF3001D4FF9 /* Build configuration list for PBXProject "WorksongsProto" */;
			compatibilityVersion = "Xcode 3.2";
			developmentRegion = English;
			hasScannedForEncodings = 0;
			knownRegions = (
				en,
				Base,
			);
			mainGroup = DA0A18F519F2AFF3001D4FF9;
			productRefGroup = DA0A18FF19F2AFF3001D4FF9 /* Products */;
			projectDirPath = "";
			projectRoot = "";
			targets = (
				DA0A18FD19F2AFF3001D4FF9 /* WorksongsProto */,
				DA0A191519F2AFF3001D4FF9 /* WorksongsProtoTests */,
			);
		};
/* End PBXProject section */

/* Begin PBXResourcesBuildPhase section */
		DA0A18FC19F2AFF3001D4FF9 /* Resources */ = {
			isa = PBXResourcesBuildPhase;
			buildActionMask = 2147483647;
			files = (
				DA0A190C19F2AFF3001D4FF9 /* Main.storyboard in Resources */,
				DA0A191119F2AFF3001D4FF9 /* LaunchScreen.xib in Resources */,
				DA0A190E19F2AFF3001D4FF9 /* Images.xcassets in Resources */,
				DA0A192919F2BD16001D4FF9 /* join.mp3 in Resources */,
			);
			runOnlyForDeploymentPostprocessing = 0;
		};
		DA0A191419F2AFF3001D4FF9 /* Resources */ = {
			isa = PBXResourcesBuildPhase;
			buildActionMask = 2147483647;
			files = (
			);
			runOnlyForDeploymentPostprocessing = 0;
		};
/* End PBXResourcesBuildPhase section */

/* Begin PBXSourcesBuildPhase section */
		DA0A18FA19F2AFF3001D4FF9 /* Sources */ = {
			isa = PBXSourcesBuildPhase;
			buildActionMask = 2147483647;
			files = (
				DA0A192719F2B457001D4FF9 /* GestureHandler.swift in Sources */,
				DA0A190919F2AFF3001D4FF9 /* ViewController.swift in Sources */,
				DA0A190719F2AFF3001D4FF9 /* WorksongsProto.xcdatamodeld in Sources */,
				DA0A190419F2AFF3001D4FF9 /* AppDelegate.swift in Sources */,
			);
			runOnlyForDeploymentPostprocessing = 0;
		};
		DA0A191219F2AFF3001D4FF9 /* Sources */ = {
			isa = PBXSourcesBuildPhase;
			buildActionMask = 2147483647;
			files = (
				DA0A191D19F2AFF3001D4FF9 /* WorksongsProtoTests.swift in Sources */,
			);
			runOnlyForDeploymentPostprocessing = 0;
		};
/* End PBXSourcesBuildPhase section */

/* Begin PBXTargetDependency section */
		DA0A191819F2AFF3001D4FF9 /* PBXTargetDependency */ = {
			isa = PBXTargetDependency;
			target = DA0A18FD19F2AFF3001D4FF9 /* WorksongsProto */;
			targetProxy = DA0A191719F2AFF3001D4FF9 /* PBXContainerItemProxy */;
		};
/* End PBXTargetDependency section */

/* Begin PBXVariantGroup section */
		DA0A190A19F2AFF3001D4FF9 /* Main.storyboard */ = {
			isa = PBXVariantGroup;
			children = (
				DA0A190B19F2AFF3001D4FF9 /* Base */,
			);
			name = Main.storyboard;
			sourceTree = "<group>";
		};
		DA0A190F19F2AFF3001D4FF9 /* LaunchScreen.xib */ = {
			isa = PBXVariantGroup;
			children = (
				DA0A191019F2AFF3001D4FF9 /* Base */,
			);
			name = LaunchScreen.xib;
			sourceTree = "<group>";
		};
/* End PBXVariantGroup section */

/* Begin XCBuildConfiguration section */
		DA0A191E19F2AFF3001D4FF9 /* Debug */ = {
			isa = XCBuildConfiguration;
			buildSettings = {
				ALWAYS_SEARCH_USER_PATHS = NO;
				CLANG_CXX_LANGUAGE_STANDARD = "gnu++0x";
				CLANG_CXX_LIBRARY = "libc++";
				CLANG_ENABLE_MODULES = YES;
				CLANG_ENABLE_OBJC_ARC = YES;
				CLANG_WARN_BOOL_CONVERSION = YES;
				CLANG_WARN_CONSTANT_CONVERSION = YES;
				CLANG_WARN_DIRECT_OBJC_ISA_USAGE = YES_ERROR;
				CLANG_WARN_EMPTY_BODY = YES;
				CLANG_WARN_ENUM_CONVERSION = YES;
				CLANG_WARN_INT_CONVERSION = YES;
				CLANG_WARN_OBJC_ROOT_CLASS = YES_ERROR;
				CLANG_WARN_UNREACHABLE_CODE = YES;
				CLANG_WARN__DUPLICATE_METHOD_MATCH = YES;
				"CODE_SIGN_IDENTITY[sdk=iphoneos*]" = "iPhone Developer";
				COPY_PHASE_STRIP = NO;
				ENABLE_STRICT_OBJC_MSGSEND = YES;
				GCC_C_LANGUAGE_STANDARD = gnu99;
				GCC_DYNAMIC_NO_PIC = NO;
				GCC_OPTIMIZATION_LEVEL = 0;
				GCC_PREPROCESSOR_DEFINITIONS = (
					"DEBUG=1",
					"$(inherited)",
				);
				GCC_SYMBOLS_PRIVATE_EXTERN = NO;
				GCC_WARN_64_TO_32_BIT_CONVERSION = YES;
				GCC_WARN_ABOUT_RETURN_TYPE = YES_ERROR;
				GCC_WARN_UNDECLARED_SELECTOR = YES;
				GCC_WARN_UNINITIALIZED_AUTOS = YES_AGGRESSIVE;
				GCC_WARN_UNUSED_FUNCTION = YES;
				GCC_WARN_UNUSED_VARIABLE = YES;
				IPHONEOS_DEPLOYMENT_TARGET = 8.0;
				MTL_ENABLE_DEBUG_INFO = YES;
				ONLY_ACTIVE_ARCH = YES;
				SDKROOT = iphoneos;
				SWIFT_OPTIMIZATION_LEVEL = "-Onone";
			};
			name = Debug;
		};
		DA0A191F19F2AFF3001D4FF9 /* Release */ = {
			isa = XCBuildConfiguration;
			buildSettings = {
				ALWAYS_SEARCH_USER_PATHS = NO;
				CLANG_CXX_LANGUAGE_STANDARD = "gnu++0x";
				CLANG_CXX_LIBRARY = "libc++";
				CLANG_ENABLE_MODULES = YES;
				CLANG_ENABLE_OBJC_ARC = YES;
				CLANG_WARN_BOOL_CONVERSION = YES;
				CLANG_WARN_CONSTANT_CONVERSION = YES;
				CLANG_WARN_DIRECT_OBJC_ISA_USAGE = YES_ERROR;
				CLANG_WARN_EMPTY_BODY = YES;
				CLANG_WARN_ENUM_CONVERSION = YES;
				CLANG_WARN_INT_CONVERSION = YES;
				CLANG_WARN_OBJC_ROOT_CLASS = YES_ERROR;
				CLANG_WARN_UNREACHABLE_CODE = YES;
				CLANG_WARN__DUPLICATE_METHOD_MATCH = YES;
				"CODE_SIGN_IDENTITY[sdk=iphoneos*]" = "iPhone Developer";
				COPY_PHASE_STRIP = YES;
				ENABLE_NS_ASSERTIONS = NO;
				ENABLE_STRICT_OBJC_MSGSEND = YES;
				GCC_C_LANGUAGE_STANDARD = gnu99;
				GCC_WARN_64_TO_32_BIT_CONVERSION = YES;
				GCC_WARN_ABOUT_RETURN_TYPE = YES_ERROR;
				GCC_WARN_UNDECLARED_SELECTOR = YES;
				GCC_WARN_UNINITIALIZED_AUTOS = YES_AGGRESSIVE;
				GCC_WARN_UNUSED_FUNCTION = YES;
				GCC_WARN_UNUSED_VARIABLE = YES;
				IPHONEOS_DEPLOYMENT_TARGET = 8.0;
				MTL_ENABLE_DEBUG_INFO = NO;
				SDKROOT = iphoneos;
				VALIDATE_PRODUCT = YES;
			};
			name = Release;
		};
		DA0A192119F2AFF3001D4FF9 /* Debug */ = {
			isa = XCBuildConfiguration;
			buildSettings = {
				ASSETCATALOG_COMPILER_APPICON_NAME = AppIcon;
				INFOPLIST_FILE = WorksongsProto/Info.plist;
				LD_RUNPATH_SEARCH_PATHS = "$(inherited) @executable_path/Frameworks";
				PRODUCT_NAME = "$(TARGET_NAME)";
			};
			name = Debug;
		};
		DA0A192219F2AFF3001D4FF9 /* Release */ = {
			isa = XCBuildConfiguration;
			buildSettings = {
				ASSETCATALOG_COMPILER_APPICON_NAME = AppIcon;
				INFOPLIST_FILE = WorksongsProto/Info.plist;
				LD_RUNPATH_SEARCH_PATHS = "$(inherited) @executable_path/Frameworks";
				PRODUCT_NAME = "$(TARGET_NAME)";
			};
			name = Release;
		};
		DA0A192419F2AFF3001D4FF9 /* Debug */ = {
			isa = XCBuildConfiguration;
			buildSettings = {
				BUNDLE_LOADER = "$(TEST_HOST)";
				FRAMEWORK_SEARCH_PATHS = (
					"$(SDKROOT)/Developer/Library/Frameworks",
					"$(inherited)",
				);
				GCC_PREPROCESSOR_DEFINITIONS = (
					"DEBUG=1",
					"$(inherited)",
				);
				INFOPLIST_FILE = WorksongsProtoTests/Info.plist;
				LD_RUNPATH_SEARCH_PATHS = "$(inherited) @executable_path/Frameworks @loader_path/Frameworks";
				PRODUCT_NAME = "$(TARGET_NAME)";
				TEST_HOST = "$(BUILT_PRODUCTS_DIR)/WorksongsProto.app/WorksongsProto";
			};
			name = Debug;
		};
		DA0A192519F2AFF3001D4FF9 /* Release */ = {
			isa = XCBuildConfiguration;
			buildSettings = {
				BUNDLE_LOADER = "$(TEST_HOST)";
				FRAMEWORK_SEARCH_PATHS = (
					"$(SDKROOT)/Developer/Library/Frameworks",
					"$(inherited)",
				);
				INFOPLIST_FILE = WorksongsProtoTests/Info.plist;
				LD_RUNPATH_SEARCH_PATHS = "$(inherited) @executable_path/Frameworks @loader_path/Frameworks";
				PRODUCT_NAME = "$(TARGET_NAME)";
				TEST_HOST = "$(BUILT_PRODUCTS_DIR)/WorksongsProto.app/WorksongsProto";
			};
			name = Release;
		};
/* End XCBuildConfiguration section */

/* Begin XCConfigurationList section */
		DA0A18F919F2AFF3001D4FF9 /* Build configuration list for PBXProject "WorksongsProto" */ = {
			isa = XCConfigurationList;
			buildConfigurations = (
				DA0A191E19F2AFF3001D4FF9 /* Debug */,
				DA0A191F19F2AFF3001D4FF9 /* Release */,
			);
			defaultConfigurationIsVisible = 0;
			defaultConfigurationName = Release;
		};
		DA0A192019F2AFF3001D4FF9 /* Build configuration list for PBXNativeTarget "WorksongsProto" */ = {
			isa = XCConfigurationList;
			buildConfigurations = (
				DA0A192119F2AFF3001D4FF9 /* Debug */,
				DA0A192219F2AFF3001D4FF9 /* Release */,
			);
			defaultConfigurationIsVisible = 0;
		};
		DA0A192319F2AFF3001D4FF9 /* Build configuration list for PBXNativeTarget "WorksongsProtoTests" */ = {
			isa = XCConfigurationList;
			buildConfigurations = (
				DA0A192419F2AFF3001D4FF9 /* Debug */,
				DA0A192519F2AFF3001D4FF9 /* Release */,
			);
			defaultConfigurationIsVisible = 0;
		};
/* End XCConfigurationList section */

/* Begin XCVersionGroup section */
		DA0A190519F2AFF3001D4FF9 /* WorksongsProto.xcdatamodeld */ = {
			isa = XCVersionGroup;
			children = (
				DA0A190619F2AFF3001D4FF9 /* WorksongsProto.xcdatamodel */,
			);
			currentVersion = DA0A190619F2AFF3001D4FF9 /* WorksongsProto.xcdatamodel */;
			path = WorksongsProto.xcdatamodeld;
			sourceTree = "<group>";
			versionGroupType = wrapper.xcdatamodel;
		};
/* End XCVersionGroup section */
	};
	rootObject = DA0A18F619F2AFF3001D4FF9 /* Project object */;
}
